// !$*UTF8*$!
{
	archiveVersion = 1;
	classes = {
	};
	objectVersion = 51;
	objects = {

/* Begin PBXBuildFile section */
		3CE0719A8400D27F206F0F0B /* Pods_TodoList.framework in Frameworks */ = {isa = PBXBuildFile; fileRef = EA6C747733B789A23BA48AB0 /* Pods_TodoList.framework */; };
		F82BF28526B8D7B50055CA6D /* ToDoCell.swift in Sources */ = {isa = PBXBuildFile; fileRef = F82BF28326B8D7B50055CA6D /* ToDoCell.swift */; };
		F82BF28626B8D7B50055CA6D /* ToDoCell.xib in Resources */ = {isa = PBXBuildFile; fileRef = F82BF28426B8D7B50055CA6D /* ToDoCell.xib */; };
		F82BF28826B8D7CB0055CA6D /* ToDoListViewModel.swift in Sources */ = {isa = PBXBuildFile; fileRef = F82BF28726B8D7CB0055CA6D /* ToDoListViewModel.swift */; };
		F82BF28A26B8D92F0055CA6D /* ToDo.swift in Sources */ = {isa = PBXBuildFile; fileRef = F82BF28926B8D92F0055CA6D /* ToDo.swift */; };
		F82BF28C26B8DD720055CA6D /* ToDoDatabase.swift in Sources */ = {isa = PBXBuildFile; fileRef = F82BF28B26B8DD720055CA6D /* ToDoDatabase.swift */; };
		F82BF28F26B910940055CA6D /* ToDoData.swift in Sources */ = {isa = PBXBuildFile; fileRef = F82BF28E26B910940055CA6D /* ToDoData.swift */; };
		F887AC8F26B7EF7C00E6CFEB /* AppDelegate.swift in Sources */ = {isa = PBXBuildFile; fileRef = F887AC8E26B7EF7C00E6CFEB /* AppDelegate.swift */; };
		F887AC9826B7EF7C00E6CFEB /* Assets.xcassets in Resources */ = {isa = PBXBuildFile; fileRef = F887AC9726B7EF7C00E6CFEB /* Assets.xcassets */; };
		F887AC9B26B7EF7C00E6CFEB /* LaunchScreen.storyboard in Resources */ = {isa = PBXBuildFile; fileRef = F887AC9926B7EF7C00E6CFEB /* LaunchScreen.storyboard */; };
		F887ACA526B7EFDA00E6CFEB /* MainViewController.xib in Resources */ = {isa = PBXBuildFile; fileRef = F887ACA326B7EFDA00E6CFEB /* MainViewController.xib */; };
		F887ACA626B7EFDA00E6CFEB /* MainViewController.swift in Sources */ = {isa = PBXBuildFile; fileRef = F887ACA426B7EFDA00E6CFEB /* MainViewController.swift */; };
		F887ACAA26B7EFE800E6CFEB /* ToDoListViewController.xib in Resources */ = {isa = PBXBuildFile; fileRef = F887ACA826B7EFE800E6CFEB /* ToDoListViewController.xib */; };
		F887ACAB26B7EFE800E6CFEB /* ToDoListViewController.swift in Sources */ = {isa = PBXBuildFile; fileRef = F887ACA926B7EFE800E6CFEB /* ToDoListViewController.swift */; };
		F8D77E7226B929C4000EF72D /* ProfileViewController.swift in Sources */ = {isa = PBXBuildFile; fileRef = F8D77E7026B929C4000EF72D /* ProfileViewController.swift */; };
		F8D77E7326B929C4000EF72D /* ProfileViewController.xib in Resources */ = {isa = PBXBuildFile; fileRef = F8D77E7126B929C4000EF72D /* ProfileViewController.xib */; };
		F8D77E7726B92E7F000EF72D /* SignUpViewController.swift in Sources */ = {isa = PBXBuildFile; fileRef = F8D77E7526B92E7F000EF72D /* SignUpViewController.swift */; };
		F8D77E7826B92E7F000EF72D /* SignUpViewController.xib in Resources */ = {isa = PBXBuildFile; fileRef = F8D77E7626B92E7F000EF72D /* SignUpViewController.xib */; };
		F8D77E7D26B93266000EF72D /* PreferenceManager.swift in Sources */ = {isa = PBXBuildFile; fileRef = F8D77E7C26B93266000EF72D /* PreferenceManager.swift */; };
		F8D77E7F26B9347B000EF72D /* UILabelExtension.swift in Sources */ = {isa = PBXBuildFile; fileRef = F8D77E7E26B9347B000EF72D /* UILabelExtension.swift */; };
		F8D77E8126B93E6F000EF72D /* SignUpViewModel.swift in Sources */ = {isa = PBXBuildFile; fileRef = F8D77E8026B93E6F000EF72D /* SignUpViewModel.swift */; };
		F8D77E8426B941F2000EF72D /* UIButtonExtension.swift in Sources */ = {isa = PBXBuildFile; fileRef = F8D77E8326B941F2000EF72D /* UIButtonExtension.swift */; };
		F8D77E8726B943C0000EF72D /* User.swift in Sources */ = {isa = PBXBuildFile; fileRef = F8D77E8626B943C0000EF72D /* User.swift */; };
		F8D77E8926B9454C000EF72D /* GlobalDataBase.swift in Sources */ = {isa = PBXBuildFile; fileRef = F8D77E8826B9454C000EF72D /* GlobalDataBase.swift */; };
		F8D77E8C26BA29F3000EF72D /* ProfileViewModel.swift in Sources */ = {isa = PBXBuildFile; fileRef = F8D77E8B26BA29F3000EF72D /* ProfileViewModel.swift */; };
		F8D77E9026BA2A6E000EF72D /* UserInfoCell.swift in Sources */ = {isa = PBXBuildFile; fileRef = F8D77E8E26BA2A6E000EF72D /* UserInfoCell.swift */; };
		F8D77E9126BA2A6E000EF72D /* UserInfoCell.xib in Resources */ = {isa = PBXBuildFile; fileRef = F8D77E8F26BA2A6E000EF72D /* UserInfoCell.xib */; };
		F8D77E9426BA2B69000EF72D /* ProfileCellData.swift in Sources */ = {isa = PBXBuildFile; fileRef = F8D77E9326BA2B69000EF72D /* ProfileCellData.swift */; };
		F8D77E9626BA2FF0000EF72D /* UI.swift in Sources */ = {isa = PBXBuildFile; fileRef = F8D77E9526BA2FF0000EF72D /* UI.swift */; };
		F8D77E9926BA30A4000EF72D /* UserIdCell.swift in Sources */ = {isa = PBXBuildFile; fileRef = F8D77E9726BA30A3000EF72D /* UserIdCell.swift */; };
		F8D77E9A26BA30A4000EF72D /* UserIdCell.xib in Resources */ = {isa = PBXBuildFile; fileRef = F8D77E9826BA30A4000EF72D /* UserIdCell.xib */; };
		F8D77E9D26BA3382000EF72D /* LeaveButtonCell.swift in Sources */ = {isa = PBXBuildFile; fileRef = F8D77E9B26BA3382000EF72D /* LeaveButtonCell.swift */; };
		F8D77E9E26BA3382000EF72D /* LeaveButtonCell.xib in Resources */ = {isa = PBXBuildFile; fileRef = F8D77E9C26BA3382000EF72D /* LeaveButtonCell.xib */; };
		F8F3A55C26B915FB0092D913 /* GenerateToDoCell.swift in Sources */ = {isa = PBXBuildFile; fileRef = F8F3A55A26B915FB0092D913 /* GenerateToDoCell.swift */; };
		F8F3A55D26B915FB0092D913 /* GenerateToDoCell.xib in Resources */ = {isa = PBXBuildFile; fileRef = F8F3A55B26B915FB0092D913 /* GenerateToDoCell.xib */; };
		F8F3A56026B917D70092D913 /* ToDoEmptyCell.swift in Sources */ = {isa = PBXBuildFile; fileRef = F8F3A55E26B917D70092D913 /* ToDoEmptyCell.swift */; };
		F8F3A56126B917D70092D913 /* ToDoEmptyCell.xib in Resources */ = {isa = PBXBuildFile; fileRef = F8F3A55F26B917D70092D913 /* ToDoEmptyCell.xib */; };
		F8F3A56326B918BF0092D913 /* ToDoListCellData.swift in Sources */ = {isa = PBXBuildFile; fileRef = F8F3A56226B918BF0092D913 /* ToDoListCellData.swift */; };
/* End PBXBuildFile section */

/* Begin PBXFileReference section */
		08434D88FF5DD6A9606425FF /* Pods-TodoList.debug.xcconfig */ = {isa = PBXFileReference; includeInIndex = 1; lastKnownFileType = text.xcconfig; name = "Pods-TodoList.debug.xcconfig"; path = "Target Support Files/Pods-TodoList/Pods-TodoList.debug.xcconfig"; sourceTree = "<group>"; };
		E3FCCCF16F26EF776E473F96 /* Pods-TodoList.release.xcconfig */ = {isa = PBXFileReference; includeInIndex = 1; lastKnownFileType = text.xcconfig; name = "Pods-TodoList.release.xcconfig"; path = "Target Support Files/Pods-TodoList/Pods-TodoList.release.xcconfig"; sourceTree = "<group>"; };
		EA6C747733B789A23BA48AB0 /* Pods_TodoList.framework */ = {isa = PBXFileReference; explicitFileType = wrapper.framework; includeInIndex = 0; path = Pods_TodoList.framework; sourceTree = BUILT_PRODUCTS_DIR; };
		F82BF28326B8D7B50055CA6D /* ToDoCell.swift */ = {isa = PBXFileReference; lastKnownFileType = sourcecode.swift; path = ToDoCell.swift; sourceTree = "<group>"; };
		F82BF28426B8D7B50055CA6D /* ToDoCell.xib */ = {isa = PBXFileReference; lastKnownFileType = file.xib; path = ToDoCell.xib; sourceTree = "<group>"; };
		F82BF28726B8D7CB0055CA6D /* ToDoListViewModel.swift */ = {isa = PBXFileReference; lastKnownFileType = sourcecode.swift; path = ToDoListViewModel.swift; sourceTree = "<group>"; };
		F82BF28926B8D92F0055CA6D /* ToDo.swift */ = {isa = PBXFileReference; lastKnownFileType = sourcecode.swift; path = ToDo.swift; sourceTree = "<group>"; };
		F82BF28B26B8DD720055CA6D /* ToDoDatabase.swift */ = {isa = PBXFileReference; lastKnownFileType = sourcecode.swift; path = ToDoDatabase.swift; sourceTree = "<group>"; };
		F82BF28E26B910940055CA6D /* ToDoData.swift */ = {isa = PBXFileReference; lastKnownFileType = sourcecode.swift; path = ToDoData.swift; sourceTree = "<group>"; };
		F887AC8B26B7EF7C00E6CFEB /* TodoList.app */ = {isa = PBXFileReference; explicitFileType = wrapper.application; includeInIndex = 0; path = TodoList.app; sourceTree = BUILT_PRODUCTS_DIR; };
		F887AC8E26B7EF7C00E6CFEB /* AppDelegate.swift */ = {isa = PBXFileReference; lastKnownFileType = sourcecode.swift; path = AppDelegate.swift; sourceTree = "<group>"; };
		F887AC9726B7EF7C00E6CFEB /* Assets.xcassets */ = {isa = PBXFileReference; lastKnownFileType = folder.assetcatalog; path = Assets.xcassets; sourceTree = "<group>"; };
		F887AC9A26B7EF7C00E6CFEB /* Base */ = {isa = PBXFileReference; lastKnownFileType = file.storyboard; name = Base; path = Base.lproj/LaunchScreen.storyboard; sourceTree = "<group>"; };
		F887AC9C26B7EF7C00E6CFEB /* Info.plist */ = {isa = PBXFileReference; lastKnownFileType = text.plist.xml; path = Info.plist; sourceTree = "<group>"; };
		F887ACA326B7EFDA00E6CFEB /* MainViewController.xib */ = {isa = PBXFileReference; fileEncoding = 4; lastKnownFileType = file.xib; path = MainViewController.xib; sourceTree = "<group>"; };
		F887ACA426B7EFDA00E6CFEB /* MainViewController.swift */ = {isa = PBXFileReference; fileEncoding = 4; lastKnownFileType = sourcecode.swift; path = MainViewController.swift; sourceTree = "<group>"; };
		F887ACA826B7EFE800E6CFEB /* ToDoListViewController.xib */ = {isa = PBXFileReference; fileEncoding = 4; lastKnownFileType = file.xib; path = ToDoListViewController.xib; sourceTree = "<group>"; };
		F887ACA926B7EFE800E6CFEB /* ToDoListViewController.swift */ = {isa = PBXFileReference; fileEncoding = 4; lastKnownFileType = sourcecode.swift; path = ToDoListViewController.swift; sourceTree = "<group>"; };
		F8D77E7026B929C4000EF72D /* ProfileViewController.swift */ = {isa = PBXFileReference; lastKnownFileType = sourcecode.swift; path = ProfileViewController.swift; sourceTree = "<group>"; };
		F8D77E7126B929C4000EF72D /* ProfileViewController.xib */ = {isa = PBXFileReference; lastKnownFileType = file.xib; path = ProfileViewController.xib; sourceTree = "<group>"; };
		F8D77E7526B92E7F000EF72D /* SignUpViewController.swift */ = {isa = PBXFileReference; lastKnownFileType = sourcecode.swift; path = SignUpViewController.swift; sourceTree = "<group>"; };
		F8D77E7626B92E7F000EF72D /* SignUpViewController.xib */ = {isa = PBXFileReference; lastKnownFileType = file.xib; path = SignUpViewController.xib; sourceTree = "<group>"; };
		F8D77E7C26B93266000EF72D /* PreferenceManager.swift */ = {isa = PBXFileReference; lastKnownFileType = sourcecode.swift; path = PreferenceManager.swift; sourceTree = "<group>"; };
		F8D77E7E26B9347B000EF72D /* UILabelExtension.swift */ = {isa = PBXFileReference; lastKnownFileType = sourcecode.swift; path = UILabelExtension.swift; sourceTree = "<group>"; };
		F8D77E8026B93E6F000EF72D /* SignUpViewModel.swift */ = {isa = PBXFileReference; lastKnownFileType = sourcecode.swift; path = SignUpViewModel.swift; sourceTree = "<group>"; };
		F8D77E8326B941F2000EF72D /* UIButtonExtension.swift */ = {isa = PBXFileReference; lastKnownFileType = sourcecode.swift; path = UIButtonExtension.swift; sourceTree = "<group>"; };
		F8D77E8626B943C0000EF72D /* User.swift */ = {isa = PBXFileReference; lastKnownFileType = sourcecode.swift; path = User.swift; sourceTree = "<group>"; };
		F8D77E8826B9454C000EF72D /* GlobalDataBase.swift */ = {isa = PBXFileReference; lastKnownFileType = sourcecode.swift; path = GlobalDataBase.swift; sourceTree = "<group>"; };
		F8D77E8B26BA29F3000EF72D /* ProfileViewModel.swift */ = {isa = PBXFileReference; lastKnownFileType = sourcecode.swift; path = ProfileViewModel.swift; sourceTree = "<group>"; };
		F8D77E8E26BA2A6E000EF72D /* UserInfoCell.swift */ = {isa = PBXFileReference; lastKnownFileType = sourcecode.swift; path = UserInfoCell.swift; sourceTree = "<group>"; };
		F8D77E8F26BA2A6E000EF72D /* UserInfoCell.xib */ = {isa = PBXFileReference; lastKnownFileType = file.xib; path = UserInfoCell.xib; sourceTree = "<group>"; };
		F8D77E9326BA2B69000EF72D /* ProfileCellData.swift */ = {isa = PBXFileReference; lastKnownFileType = sourcecode.swift; path = ProfileCellData.swift; sourceTree = "<group>"; };
		F8D77E9526BA2FF0000EF72D /* UI.swift */ = {isa = PBXFileReference; lastKnownFileType = sourcecode.swift; path = UI.swift; sourceTree = "<group>"; };
		F8D77E9726BA30A3000EF72D /* UserIdCell.swift */ = {isa = PBXFileReference; lastKnownFileType = sourcecode.swift; path = UserIdCell.swift; sourceTree = "<group>"; };
		F8D77E9826BA30A4000EF72D /* UserIdCell.xib */ = {isa = PBXFileReference; lastKnownFileType = file.xib; path = UserIdCell.xib; sourceTree = "<group>"; };
		F8D77E9B26BA3382000EF72D /* LeaveButtonCell.swift */ = {isa = PBXFileReference; lastKnownFileType = sourcecode.swift; path = LeaveButtonCell.swift; sourceTree = "<group>"; };
		F8D77E9C26BA3382000EF72D /* LeaveButtonCell.xib */ = {isa = PBXFileReference; lastKnownFileType = file.xib; path = LeaveButtonCell.xib; sourceTree = "<group>"; };
		F8F3A55A26B915FB0092D913 /* GenerateToDoCell.swift */ = {isa = PBXFileReference; lastKnownFileType = sourcecode.swift; path = GenerateToDoCell.swift; sourceTree = "<group>"; };
		F8F3A55B26B915FB0092D913 /* GenerateToDoCell.xib */ = {isa = PBXFileReference; lastKnownFileType = file.xib; path = GenerateToDoCell.xib; sourceTree = "<group>"; };
		F8F3A55E26B917D70092D913 /* ToDoEmptyCell.swift */ = {isa = PBXFileReference; lastKnownFileType = sourcecode.swift; path = ToDoEmptyCell.swift; sourceTree = "<group>"; };
		F8F3A55F26B917D70092D913 /* ToDoEmptyCell.xib */ = {isa = PBXFileReference; lastKnownFileType = file.xib; path = ToDoEmptyCell.xib; sourceTree = "<group>"; };
		F8F3A56226B918BF0092D913 /* ToDoListCellData.swift */ = {isa = PBXFileReference; lastKnownFileType = sourcecode.swift; path = ToDoListCellData.swift; sourceTree = "<group>"; };
/* End PBXFileReference section */

/* Begin PBXFrameworksBuildPhase section */
		F887AC8826B7EF7C00E6CFEB /* Frameworks */ = {
			isa = PBXFrameworksBuildPhase;
			buildActionMask = 2147483647;
			files = (
				3CE0719A8400D27F206F0F0B /* Pods_TodoList.framework in Frameworks */,
			);
			runOnlyForDeploymentPostprocessing = 0;
		};
/* End PBXFrameworksBuildPhase section */

/* Begin PBXGroup section */
		07BC1CB642EBE5E271C3B6E2 /* Pods */ = {
			isa = PBXGroup;
			children = (
				08434D88FF5DD6A9606425FF /* Pods-TodoList.debug.xcconfig */,
				E3FCCCF16F26EF776E473F96 /* Pods-TodoList.release.xcconfig */,
			);
			path = Pods;
			sourceTree = "<group>";
		};
		498B36896010F85751F255B1 /* Frameworks */ = {
			isa = PBXGroup;
			children = (
				EA6C747733B789A23BA48AB0 /* Pods_TodoList.framework */,
			);
			name = Frameworks;
			sourceTree = "<group>";
		};
		F82BF28226B8D78C0055CA6D /* Cells */ = {
			isa = PBXGroup;
			children = (
				F82BF28326B8D7B50055CA6D /* ToDoCell.swift */,
				F82BF28426B8D7B50055CA6D /* ToDoCell.xib */,
				F8F3A55A26B915FB0092D913 /* GenerateToDoCell.swift */,
				F8F3A55B26B915FB0092D913 /* GenerateToDoCell.xib */,
				F8F3A55E26B917D70092D913 /* ToDoEmptyCell.swift */,
				F8F3A55F26B917D70092D913 /* ToDoEmptyCell.xib */,
			);
			path = Cells;
			sourceTree = "<group>";
		};
		F82BF28D26B8DD7C0055CA6D /* Models */ = {
			isa = PBXGroup;
			children = (
				F82BF28926B8D92F0055CA6D /* ToDo.swift */,
				F82BF28E26B910940055CA6D /* ToDoData.swift */,
				F8F3A56226B918BF0092D913 /* ToDoListCellData.swift */,
			);
			path = Models;
			sourceTree = "<group>";
		};
		F887AC8226B7EF7C00E6CFEB = {
			isa = PBXGroup;
			children = (
				F887AC8D26B7EF7C00E6CFEB /* TodoList */,
				F887AC8C26B7EF7C00E6CFEB /* Products */,
				07BC1CB642EBE5E271C3B6E2 /* Pods */,
				498B36896010F85751F255B1 /* Frameworks */,
			);
			sourceTree = "<group>";
		};
		F887AC8C26B7EF7C00E6CFEB /* Products */ = {
			isa = PBXGroup;
			children = (
				F887AC8B26B7EF7C00E6CFEB /* TodoList.app */,
			);
			name = Products;
			sourceTree = "<group>";
		};
		F887AC8D26B7EF7C00E6CFEB /* TodoList */ = {
			isa = PBXGroup;
			children = (
				F887ACA226B7EFDA00E6CFEB /* Main */,
				F8D77E7426B92E5C000EF72D /* SignUp */,
				F887ACA726B7EFE800E6CFEB /* ToDoList */,
				F8D77E6F26B929B6000EF72D /* Profile */,
				F8D77E7926B931D4000EF72D /* Util */,
				F8D77E8226B93F19000EF72D /* Extensions */,
				F887AC8E26B7EF7C00E6CFEB /* AppDelegate.swift */,
				F887AC9726B7EF7C00E6CFEB /* Assets.xcassets */,
				F887AC9926B7EF7C00E6CFEB /* LaunchScreen.storyboard */,
				F887AC9C26B7EF7C00E6CFEB /* Info.plist */,
			);
			path = TodoList;
			sourceTree = "<group>";
		};
		F887ACA226B7EFDA00E6CFEB /* Main */ = {
			isa = PBXGroup;
			children = (
				F887ACA426B7EFDA00E6CFEB /* MainViewController.swift */,
				F887ACA326B7EFDA00E6CFEB /* MainViewController.xib */,
			);
			path = Main;
			sourceTree = "<group>";
		};
		F887ACA726B7EFE800E6CFEB /* ToDoList */ = {
			isa = PBXGroup;
			children = (
				F82BF28226B8D78C0055CA6D /* Cells */,
				F82BF28D26B8DD7C0055CA6D /* Models */,
				F82BF28B26B8DD720055CA6D /* ToDoDatabase.swift */,
				F82BF28726B8D7CB0055CA6D /* ToDoListViewModel.swift */,
				F887ACA926B7EFE800E6CFEB /* ToDoListViewController.swift */,
				F887ACA826B7EFE800E6CFEB /* ToDoListViewController.xib */,
			);
			path = ToDoList;
			sourceTree = "<group>";
		};
		F8D77E6F26B929B6000EF72D /* Profile */ = {
			isa = PBXGroup;
			children = (
				F8D77E8D26BA2A30000EF72D /* Cells */,
				F8D77E9226BA2B5B000EF72D /* Models */,
				F8D77E8B26BA29F3000EF72D /* ProfileViewModel.swift */,
				F8D77E7026B929C4000EF72D /* ProfileViewController.swift */,
				F8D77E7126B929C4000EF72D /* ProfileViewController.xib */,
			);
			path = Profile;
			sourceTree = "<group>";
		};
		F8D77E7426B92E5C000EF72D /* SignUp */ = {
			isa = PBXGroup;
			children = (
				F8D77E8526B943B9000EF72D /* Models */,
				F8D77E8026B93E6F000EF72D /* SignUpViewModel.swift */,
				F8D77E7526B92E7F000EF72D /* SignUpViewController.swift */,
				F8D77E7626B92E7F000EF72D /* SignUpViewController.xib */,
			);
			path = SignUp;
			sourceTree = "<group>";
		};
		F8D77E7926B931D4000EF72D /* Util */ = {
			isa = PBXGroup;
			children = (
				F8D77E7C26B93266000EF72D /* PreferenceManager.swift */,
				F8D77E8826B9454C000EF72D /* GlobalDataBase.swift */,
				F8D77E9526BA2FF0000EF72D /* UI.swift */,
			);
			path = Util;
			sourceTree = "<group>";
		};
		F8D77E8226B93F19000EF72D /* Extensions */ = {
			isa = PBXGroup;
			children = (
				F8D77E7E26B9347B000EF72D /* UILabelExtension.swift */,
				F8D77E8326B941F2000EF72D /* UIButtonExtension.swift */,
			);
			path = Extensions;
			sourceTree = "<group>";
		};
		F8D77E8526B943B9000EF72D /* Models */ = {
			isa = PBXGroup;
			children = (
				F8D77E8626B943C0000EF72D /* User.swift */,
			);
			path = Models;
			sourceTree = "<group>";
		};
		F8D77E8D26BA2A30000EF72D /* Cells */ = {
			isa = PBXGroup;
			children = (
				F8D77E8E26BA2A6E000EF72D /* UserInfoCell.swift */,
				F8D77E8F26BA2A6E000EF72D /* UserInfoCell.xib */,
				F8D77E9726BA30A3000EF72D /* UserIdCell.swift */,
				F8D77E9826BA30A4000EF72D /* UserIdCell.xib */,
				F8D77E9B26BA3382000EF72D /* LeaveButtonCell.swift */,
				F8D77E9C26BA3382000EF72D /* LeaveButtonCell.xib */,
			);
			path = Cells;
			sourceTree = "<group>";
		};
		F8D77E9226BA2B5B000EF72D /* Models */ = {
			isa = PBXGroup;
			children = (
				F8D77E9326BA2B69000EF72D /* ProfileCellData.swift */,
			);
			path = Models;
			sourceTree = "<group>";
		};
/* End PBXGroup section */

/* Begin PBXNativeTarget section */
		F887AC8A26B7EF7C00E6CFEB /* TodoList */ = {
			isa = PBXNativeTarget;
			buildConfigurationList = F887AC9F26B7EF7C00E6CFEB /* Build configuration list for PBXNativeTarget "TodoList" */;
			buildPhases = (
				61AE5BA4666C31DA37D7E1A7 /* [CP] Check Pods Manifest.lock */,
				F887AC8726B7EF7C00E6CFEB /* Sources */,
				F887AC8826B7EF7C00E6CFEB /* Frameworks */,
				F887AC8926B7EF7C00E6CFEB /* Resources */,
				BECEAD717FC5F4E3B4C389CD /* [CP] Embed Pods Frameworks */,
			);
			buildRules = (
			);
			dependencies = (
			);
			name = TodoList;
			productName = TodoList;
			productReference = F887AC8B26B7EF7C00E6CFEB /* TodoList.app */;
			productType = "com.apple.product-type.application";
		};
/* End PBXNativeTarget section */

/* Begin PBXProject section */
		F887AC8326B7EF7C00E6CFEB /* Project object */ = {
			isa = PBXProject;
			attributes = {
				LastSwiftUpdateCheck = 1250;
				LastUpgradeCheck = 1250;
				TargetAttributes = {
					F887AC8A26B7EF7C00E6CFEB = {
						CreatedOnToolsVersion = 12.5.1;
					};
				};
			};
			buildConfigurationList = F887AC8626B7EF7C00E6CFEB /* Build configuration list for PBXProject "TodoList" */;
			compatibilityVersion = "Xcode 9.3";
			developmentRegion = en;
			hasScannedForEncodings = 0;
			knownRegions = (
				en,
				Base,
			);
			mainGroup = F887AC8226B7EF7C00E6CFEB;
			productRefGroup = F887AC8C26B7EF7C00E6CFEB /* Products */;
			projectDirPath = "";
			projectRoot = "";
			targets = (
				F887AC8A26B7EF7C00E6CFEB /* TodoList */,
			);
		};
/* End PBXProject section */

/* Begin PBXResourcesBuildPhase section */
		F887AC8926B7EF7C00E6CFEB /* Resources */ = {
			isa = PBXResourcesBuildPhase;
			buildActionMask = 2147483647;
			files = (
				F887AC9B26B7EF7C00E6CFEB /* LaunchScreen.storyboard in Resources */,
				F82BF28626B8D7B50055CA6D /* ToDoCell.xib in Resources */,
				F8D77E7326B929C4000EF72D /* ProfileViewController.xib in Resources */,
				F8F3A56126B917D70092D913 /* ToDoEmptyCell.xib in Resources */,
				F8D77E7826B92E7F000EF72D /* SignUpViewController.xib in Resources */,
				F8D77E9E26BA3382000EF72D /* LeaveButtonCell.xib in Resources */,
				F887ACAA26B7EFE800E6CFEB /* ToDoListViewController.xib in Resources */,
				F887AC9826B7EF7C00E6CFEB /* Assets.xcassets in Resources */,
				F8F3A55D26B915FB0092D913 /* GenerateToDoCell.xib in Resources */,
				F8D77E9126BA2A6E000EF72D /* UserInfoCell.xib in Resources */,
				F887ACA526B7EFDA00E6CFEB /* MainViewController.xib in Resources */,
				F8D77E9A26BA30A4000EF72D /* UserIdCell.xib in Resources */,
			);
			runOnlyForDeploymentPostprocessing = 0;
		};
/* End PBXResourcesBuildPhase section */

/* Begin PBXShellScriptBuildPhase section */
		61AE5BA4666C31DA37D7E1A7 /* [CP] Check Pods Manifest.lock */ = {
			isa = PBXShellScriptBuildPhase;
			buildActionMask = 2147483647;
			files = (
			);
			inputFileListPaths = (
			);
			inputPaths = (
				"${PODS_PODFILE_DIR_PATH}/Podfile.lock",
				"${PODS_ROOT}/Manifest.lock",
			);
			name = "[CP] Check Pods Manifest.lock";
			outputFileListPaths = (
			);
			outputPaths = (
				"$(DERIVED_FILE_DIR)/Pods-TodoList-checkManifestLockResult.txt",
			);
			runOnlyForDeploymentPostprocessing = 0;
			shellPath = /bin/sh;
			shellScript = "diff \"${PODS_PODFILE_DIR_PATH}/Podfile.lock\" \"${PODS_ROOT}/Manifest.lock\" > /dev/null\nif [ $? != 0 ] ; then\n    # print error to STDERR\n    echo \"error: The sandbox is not in sync with the Podfile.lock. Run 'pod install' or update your CocoaPods installation.\" >&2\n    exit 1\nfi\n# This output is used by Xcode 'outputs' to avoid re-running this script phase.\necho \"SUCCESS\" > \"${SCRIPT_OUTPUT_FILE_0}\"\n";
			showEnvVarsInLog = 0;
		};
		BECEAD717FC5F4E3B4C389CD /* [CP] Embed Pods Frameworks */ = {
			isa = PBXShellScriptBuildPhase;
			buildActionMask = 2147483647;
			files = (
			);
			inputFileListPaths = (
				"${PODS_ROOT}/Target Support Files/Pods-TodoList/Pods-TodoList-frameworks-${CONFIGURATION}-input-files.xcfilelist",
			);
			name = "[CP] Embed Pods Frameworks";
			outputFileListPaths = (
				"${PODS_ROOT}/Target Support Files/Pods-TodoList/Pods-TodoList-frameworks-${CONFIGURATION}-output-files.xcfilelist",
			);
			runOnlyForDeploymentPostprocessing = 0;
			shellPath = /bin/sh;
			shellScript = "\"${PODS_ROOT}/Target Support Files/Pods-TodoList/Pods-TodoList-frameworks.sh\"\n";
			showEnvVarsInLog = 0;
		};
/* End PBXShellScriptBuildPhase section */

/* Begin PBXSourcesBuildPhase section */
		F887AC8726B7EF7C00E6CFEB /* Sources */ = {
			isa = PBXSourcesBuildPhase;
			buildActionMask = 2147483647;
			files = (
				F8D77E7F26B9347B000EF72D /* UILabelExtension.swift in Sources */,
				F8D77E8126B93E6F000EF72D /* SignUpViewModel.swift in Sources */,
				F887ACAB26B7EFE800E6CFEB /* ToDoListViewController.swift in Sources */,
				F82BF28F26B910940055CA6D /* ToDoData.swift in Sources */,
				F8D77E8926B9454C000EF72D /* GlobalDataBase.swift in Sources */,
				F8D77E9426BA2B69000EF72D /* ProfileCellData.swift in Sources */,
				F887ACA626B7EFDA00E6CFEB /* MainViewController.swift in Sources */,
				F8D77E9926BA30A4000EF72D /* UserIdCell.swift in Sources */,
				F8D77E9626BA2FF0000EF72D /* UI.swift in Sources */,
				F8F3A56326B918BF0092D913 /* ToDoListCellData.swift in Sources */,
				F887AC8F26B7EF7C00E6CFEB /* AppDelegate.swift in Sources */,
				F8D77E9026BA2A6E000EF72D /* UserInfoCell.swift in Sources */,
				F8D77E8426B941F2000EF72D /* UIButtonExtension.swift in Sources */,
				F8F3A55C26B915FB0092D913 /* GenerateToDoCell.swift in Sources */,
				F8D77E7226B929C4000EF72D /* ProfileViewController.swift in Sources */,
				F8D77E9D26BA3382000EF72D /* LeaveButtonCell.swift in Sources */,
				F82BF28A26B8D92F0055CA6D /* ToDo.swift in Sources */,
				F82BF28C26B8DD720055CA6D /* ToDoDatabase.swift in Sources */,
				F8D77E7D26B93266000EF72D /* PreferenceManager.swift in Sources */,
				F8D77E8C26BA29F3000EF72D /* ProfileViewModel.swift in Sources */,
				F82BF28526B8D7B50055CA6D /* ToDoCell.swift in Sources */,
				F8D77E8726B943C0000EF72D /* User.swift in Sources */,
				F82BF28826B8D7CB0055CA6D /* ToDoListViewModel.swift in Sources */,
				F8D77E7726B92E7F000EF72D /* SignUpViewController.swift in Sources */,
				F8F3A56026B917D70092D913 /* ToDoEmptyCell.swift in Sources */,
			);
			runOnlyForDeploymentPostprocessing = 0;
		};
/* End PBXSourcesBuildPhase section */

/* Begin PBXVariantGroup section */
		F887AC9926B7EF7C00E6CFEB /* LaunchScreen.storyboard */ = {
			isa = PBXVariantGroup;
			children = (
				F887AC9A26B7EF7C00E6CFEB /* Base */,
			);
			name = LaunchScreen.storyboard;
			sourceTree = "<group>";
		};
/* End PBXVariantGroup section */

/* Begin XCBuildConfiguration section */
		F887AC9D26B7EF7C00E6CFEB /* Debug */ = {
			isa = XCBuildConfiguration;
			buildSettings = {
				ALWAYS_SEARCH_USER_PATHS = NO;
				CLANG_ANALYZER_NONNULL = YES;
				CLANG_ANALYZER_NUMBER_OBJECT_CONVERSION = YES_AGGRESSIVE;
				CLANG_CXX_LANGUAGE_STANDARD = "gnu++14";
				CLANG_CXX_LIBRARY = "libc++";
				CLANG_ENABLE_MODULES = YES;
				CLANG_ENABLE_OBJC_ARC = YES;
				CLANG_ENABLE_OBJC_WEAK = YES;
				CLANG_WARN_BLOCK_CAPTURE_AUTORELEASING = YES;
				CLANG_WARN_BOOL_CONVERSION = YES;
				CLANG_WARN_COMMA = YES;
				CLANG_WARN_CONSTANT_CONVERSION = YES;
				CLANG_WARN_DEPRECATED_OBJC_IMPLEMENTATIONS = YES;
				CLANG_WARN_DIRECT_OBJC_ISA_USAGE = YES_ERROR;
				CLANG_WARN_DOCUMENTATION_COMMENTS = YES;
				CLANG_WARN_EMPTY_BODY = YES;
				CLANG_WARN_ENUM_CONVERSION = YES;
				CLANG_WARN_INFINITE_RECURSION = YES;
				CLANG_WARN_INT_CONVERSION = YES;
				CLANG_WARN_NON_LITERAL_NULL_CONVERSION = YES;
				CLANG_WARN_OBJC_IMPLICIT_RETAIN_SELF = YES;
				CLANG_WARN_OBJC_LITERAL_CONVERSION = YES;
				CLANG_WARN_OBJC_ROOT_CLASS = YES_ERROR;
				CLANG_WARN_QUOTED_INCLUDE_IN_FRAMEWORK_HEADER = YES;
				CLANG_WARN_RANGE_LOOP_ANALYSIS = YES;
				CLANG_WARN_STRICT_PROTOTYPES = YES;
				CLANG_WARN_SUSPICIOUS_MOVE = YES;
				CLANG_WARN_UNGUARDED_AVAILABILITY = YES_AGGRESSIVE;
				CLANG_WARN_UNREACHABLE_CODE = YES;
				CLANG_WARN__DUPLICATE_METHOD_MATCH = YES;
				COPY_PHASE_STRIP = NO;
				DEBUG_INFORMATION_FORMAT = dwarf;
				ENABLE_STRICT_OBJC_MSGSEND = YES;
				ENABLE_TESTABILITY = YES;
				GCC_C_LANGUAGE_STANDARD = gnu11;
				GCC_DYNAMIC_NO_PIC = NO;
				GCC_NO_COMMON_BLOCKS = YES;
				GCC_OPTIMIZATION_LEVEL = 0;
				GCC_PREPROCESSOR_DEFINITIONS = (
					"DEBUG=1",
					"$(inherited)",
				);
				GCC_WARN_64_TO_32_BIT_CONVERSION = YES;
				GCC_WARN_ABOUT_RETURN_TYPE = YES_ERROR;
				GCC_WARN_UNDECLARED_SELECTOR = YES;
				GCC_WARN_UNINITIALIZED_AUTOS = YES_AGGRESSIVE;
				GCC_WARN_UNUSED_FUNCTION = YES;
				GCC_WARN_UNUSED_VARIABLE = YES;
				IPHONEOS_DEPLOYMENT_TARGET = 12.1;
				MTL_ENABLE_DEBUG_INFO = INCLUDE_SOURCE;
				MTL_FAST_MATH = YES;
				ONLY_ACTIVE_ARCH = YES;
				SDKROOT = iphoneos;
				SWIFT_ACTIVE_COMPILATION_CONDITIONS = DEBUG;
				SWIFT_OPTIMIZATION_LEVEL = "-Onone";
			};
			name = Debug;
		};
		F887AC9E26B7EF7C00E6CFEB /* Release */ = {
			isa = XCBuildConfiguration;
			buildSettings = {
				ALWAYS_SEARCH_USER_PATHS = NO;
				CLANG_ANALYZER_NONNULL = YES;
				CLANG_ANALYZER_NUMBER_OBJECT_CONVERSION = YES_AGGRESSIVE;
				CLANG_CXX_LANGUAGE_STANDARD = "gnu++14";
				CLANG_CXX_LIBRARY = "libc++";
				CLANG_ENABLE_MODULES = YES;
				CLANG_ENABLE_OBJC_ARC = YES;
				CLANG_ENABLE_OBJC_WEAK = YES;
				CLANG_WARN_BLOCK_CAPTURE_AUTORELEASING = YES;
				CLANG_WARN_BOOL_CONVERSION = YES;
				CLANG_WARN_COMMA = YES;
				CLANG_WARN_CONSTANT_CONVERSION = YES;
				CLANG_WARN_DEPRECATED_OBJC_IMPLEMENTATIONS = YES;
				CLANG_WARN_DIRECT_OBJC_ISA_USAGE = YES_ERROR;
				CLANG_WARN_DOCUMENTATION_COMMENTS = YES;
				CLANG_WARN_EMPTY_BODY = YES;
				CLANG_WARN_ENUM_CONVERSION = YES;
				CLANG_WARN_INFINITE_RECURSION = YES;
				CLANG_WARN_INT_CONVERSION = YES;
				CLANG_WARN_NON_LITERAL_NULL_CONVERSION = YES;
				CLANG_WARN_OBJC_IMPLICIT_RETAIN_SELF = YES;
				CLANG_WARN_OBJC_LITERAL_CONVERSION = YES;
				CLANG_WARN_OBJC_ROOT_CLASS = YES_ERROR;
				CLANG_WARN_QUOTED_INCLUDE_IN_FRAMEWORK_HEADER = YES;
				CLANG_WARN_RANGE_LOOP_ANALYSIS = YES;
				CLANG_WARN_STRICT_PROTOTYPES = YES;
				CLANG_WARN_SUSPICIOUS_MOVE = YES;
				CLANG_WARN_UNGUARDED_AVAILABILITY = YES_AGGRESSIVE;
				CLANG_WARN_UNREACHABLE_CODE = YES;
				CLANG_WARN__DUPLICATE_METHOD_MATCH = YES;
				COPY_PHASE_STRIP = NO;
				DEBUG_INFORMATION_FORMAT = "dwarf-with-dsym";
				ENABLE_NS_ASSERTIONS = NO;
				ENABLE_STRICT_OBJC_MSGSEND = YES;
				GCC_C_LANGUAGE_STANDARD = gnu11;
				GCC_NO_COMMON_BLOCKS = YES;
				GCC_WARN_64_TO_32_BIT_CONVERSION = YES;
				GCC_WARN_ABOUT_RETURN_TYPE = YES_ERROR;
				GCC_WARN_UNDECLARED_SELECTOR = YES;
				GCC_WARN_UNINITIALIZED_AUTOS = YES_AGGRESSIVE;
				GCC_WARN_UNUSED_FUNCTION = YES;
				GCC_WARN_UNUSED_VARIABLE = YES;
				IPHONEOS_DEPLOYMENT_TARGET = 12.1;
				MTL_ENABLE_DEBUG_INFO = NO;
				MTL_FAST_MATH = YES;
				SDKROOT = iphoneos;
				SWIFT_COMPILATION_MODE = wholemodule;
				SWIFT_OPTIMIZATION_LEVEL = "-O";
				VALIDATE_PRODUCT = YES;
			};
			name = Release;
		};
		F887ACA026B7EF7C00E6CFEB /* Debug */ = {
			isa = XCBuildConfiguration;
			baseConfigurationReference = 08434D88FF5DD6A9606425FF /* Pods-TodoList.debug.xcconfig */;
			buildSettings = {
				ASSETCATALOG_COMPILER_APPICON_NAME = AppIcon;
				ASSETCATALOG_COMPILER_GLOBAL_ACCENT_COLOR_NAME = AccentColor;
				CODE_SIGN_STYLE = Automatic;
				DEVELOPMENT_TEAM = YB2TG498D5;
				INFOPLIST_FILE = TodoList/Info.plist;
				LD_RUNPATH_SEARCH_PATHS = (
					"$(inherited)",
					"@executable_path/Frameworks",
				);
				PRODUCT_BUNDLE_IDENTIFIER = com.danny.TodoList;
				PRODUCT_NAME = "$(TARGET_NAME)";
				SWIFT_VERSION = 5.0;
				TARGETED_DEVICE_FAMILY = 1;
			};
			name = Debug;
		};
		F887ACA126B7EF7C00E6CFEB /* Release */ = {
			isa = XCBuildConfiguration;
			baseConfigurationReference = E3FCCCF16F26EF776E473F96 /* Pods-TodoList.release.xcconfig */;
			buildSettings = {
				ASSETCATALOG_COMPILER_APPICON_NAME = AppIcon;
				ASSETCATALOG_COMPILER_GLOBAL_ACCENT_COLOR_NAME = AccentColor;
				CODE_SIGN_STYLE = Automatic;
				DEVELOPMENT_TEAM = YB2TG498D5;
				INFOPLIST_FILE = TodoList/Info.plist;
				LD_RUNPATH_SEARCH_PATHS = (
					"$(inherited)",
					"@executable_path/Frameworks",
				);
				PRODUCT_BUNDLE_IDENTIFIER = com.danny.TodoList;
				PRODUCT_NAME = "$(TARGET_NAME)";
				SWIFT_VERSION = 5.0;
				TARGETED_DEVICE_FAMILY = 1;
			};
			name = Release;
		};
/* End XCBuildConfiguration section */

/* Begin XCConfigurationList section */
		F887AC8626B7EF7C00E6CFEB /* Build configuration list for PBXProject "TodoList" */ = {
			isa = XCConfigurationList;
			buildConfigurations = (
				F887AC9D26B7EF7C00E6CFEB /* Debug */,
				F887AC9E26B7EF7C00E6CFEB /* Release */,
			);
			defaultConfigurationIsVisible = 0;
			defaultConfigurationName = Release;
		};
		F887AC9F26B7EF7C00E6CFEB /* Build configuration list for PBXNativeTarget "TodoList" */ = {
			isa = XCConfigurationList;
			buildConfigurations = (
				F887ACA026B7EF7C00E6CFEB /* Debug */,
				F887ACA126B7EF7C00E6CFEB /* Release */,
			);
			defaultConfigurationIsVisible = 0;
			defaultConfigurationName = Release;
		};
/* End XCConfigurationList section */
	};
	rootObject = F887AC8326B7EF7C00E6CFEB /* Project object */;
}
